
Microsoft Visual Studio Solution File, Format Version 12.00
# Visual Studio Version 16
VisualStudioVersion = 16.0.30320.27
MinimumVisualStudioVersion = 10.0.40219.1
Project("{FAE04EC0-301F-11D3-BF4B-00C04F79EFBC}") = "DyamicMenusSample", "DyamicMenusSample\DyamicMenusSample.csproj", "{48CC163D-BC50-46C3-824E-5A58CA07DFB8}"
EndProject
Global
	GlobalSection(SolutionConfigurationPlatforms) = preSolution
		Debug|Any CPU = Debug|Any CPU
		Release|Any CPU = Release|Any CPU
	EndGlobalSection
	GlobalSection(ProjectConfigurationPlatforms) = postSolution
		{48CC163D-BC50-46C3-824E-5A58CA07DFB8}.Debug|Any CPU.ActiveCfg = Debug|Any CPU
		{48CC163D-BC50-46C3-824E-5A58CA07DFB8}.Debug|Any CPU.Build.0 = Debug|Any CPU
		{48CC163D-BC50-46C3-824E-5A58CA07DFB8}.Release|Any CPU.ActiveCfg = Release|Any CPU
		{48CC163D-BC50-46C3-824E-5A58CA07DFB8}.Release|Any CPU.Build.0 = Release|Any CPU
	EndGlobalSection
	GlobalSection(SolutionProperties) = preSolution
		HideSolutionNode = FALSE
	EndGlobalSection
	GlobalSection(ExtensibilityGlobals) = postSolution
		SolutionGuid = {D0928E66-371E-41A3-A734-9338BC0AD17A}
	EndGlobalSection
EndGlobal
